
Microsoft Visual Studio Solution File, Format Version 12.00
# Visual Studio Version 16
VisualStudioVersion = 16.0.30002.166
MinimumVisualStudioVersion = 10.0.40219.1
Project("{FAE04EC0-301F-11D3-BF4B-00C04F79EFBC}") = "C20_Ex02", "C20_Ex02.csproj", "{7FF68900-3445-4C56-A115-B45FDAE08458}"
EndProject
Global
	GlobalSection(SolutionConfigurationPlatforms) = preSolution
		Debug|Any CPU = Debug|Any CPU
		Release|Any CPU = Release|Any CPU
	EndGlobalSection
	GlobalSection(ProjectConfigurationPlatforms) = postSolution
		{7FF68900-3445-4C56-A115-B45FDAE08458}.Debug|Any CPU.ActiveCfg = Debug|Any CPU
		{7FF68900-3445-4C56-A115-B45FDAE08458}.Debug|Any CPU.Build.0 = Debug|Any CPU
		{7FF68900-3445-4C56-A115-B45FDAE08458}.Release|Any CPU.ActiveCfg = Release|Any CPU
		{7FF68900-3445-4C56-A115-B45FDAE08458}.Release|Any CPU.Build.0 = Release|Any CPU
	EndGlobalSection
	GlobalSection(SolutionProperties) = preSolution
		HideSolutionNode = FALSE
	EndGlobalSection
	GlobalSection(ExtensibilityGlobals) = postSolution
		SolutionGuid = {D24644AC-876D-4241-ACC9-03784006E022}
	EndGlobalSection
EndGlobal
